
Microsoft Visual Studio Solution File, Format Version 12.00
# Visual Studio Version 17
VisualStudioVersion = 17.11.35327.3
MinimumVisualStudioVersion = 10.0.40219.1
Project("{FAE04EC0-301F-11D3-BF4B-00C04F79EFBC}") = "Assignment_1_1_2", "Assignment_1_1_2.csproj", "{10FE59B2-0E9B-405D-91F4-1A4D703534CF}"
EndProject
Global
	GlobalSection(SolutionConfigurationPlatforms) = preSolution
		Debug|Any CPU = Debug|Any CPU
		Release|Any CPU = Release|Any CPU
	EndGlobalSection
	GlobalSection(ProjectConfigurationPlatforms) = postSolution
		{10FE59B2-0E9B-405D-91F4-1A4D703534CF}.Debug|Any CPU.ActiveCfg = Debug|Any CPU
		{10FE59B2-0E9B-405D-91F4-1A4D703534CF}.Debug|Any CPU.Build.0 = Debug|Any CPU
		{10FE59B2-0E9B-405D-91F4-1A4D703534CF}.Release|Any CPU.ActiveCfg = Release|Any CPU
		{10FE59B2-0E9B-405D-91F4-1A4D703534CF}.Release|Any CPU.Build.0 = Release|Any CPU
	EndGlobalSection
	GlobalSection(SolutionProperties) = preSolution
		HideSolutionNode = FALSE
	EndGlobalSection
	GlobalSection(ExtensibilityGlobals) = postSolution
		SolutionGuid = {A9F0C569-25DA-4BC7-8BF4-2FA89D2A5CB3}
	EndGlobalSection
EndGlobal
